<?xml version="1.0" encoding="utf-8"?>
<Project ToolsVersion="4.0" xmlns="http://schemas.microsoft.com/developer/msbuild/2003">
  <ItemGroup>
    <Filter Include="Forge">
      <UniqueIdentifier>{1884300D-8498-58BE-4D1A-FC1DB9ED54EF}</UniqueIdentifier>
    </Filter>
    <Filter Include="Forge\Events">
      <UniqueIdentifier>{FCA4953A-E807-25DF-918D-5D957DCFF061}</UniqueIdentifier>
    </Filter>
    <Filter Include="Forge\ImGui">
      <UniqueIdentifier>{42AB01E3-AE60-7AD8-3755-74AFA30971DC}</UniqueIdentifier>
    </Filter>
    <Filter Include="Platform">
      <UniqueIdentifier>{2AC788B4-1694-E3BF-3FAD-D1672BD9184E}</UniqueIdentifier>
    </Filter>
    <Filter Include="Platform\Windows">
      <UniqueIdentifier>{64FBD71A-50F4-F66C-7926-DCF1657ED678}</UniqueIdentifier>
    </Filter>
  </ItemGroup>
  <ItemGroup>
    <ClInclude Include="src\Forge.h" />
    <ClInclude Include="src\Forge\Application.h">
      <Filter>Forge</Filter>
    </ClInclude>
    <ClInclude Include="src\Forge\Core.h">
      <Filter>Forge</Filter>
    </ClInclude>
    <ClInclude Include="src\Forge\EntryPoint.h">
      <Filter>Forge</Filter>
    </ClInclude>
    <ClInclude Include="src\Forge\Events\ApplicationEvent.h">
      <Filter>Forge\Events</Filter>
    </ClInclude>
    <ClInclude Include="src\Forge\Events\Event.h">
      <Filter>Forge\Events</Filter>
    </ClInclude>
    <ClInclude Include="src\Forge\Events\KeyEvent.h">
      <Filter>Forge\Events</Filter>
    </ClInclude>
    <ClInclude Include="src\Forge\Events\MouseEvent.h">
      <Filter>Forge\Events</Filter>
    </ClInclude>
    <ClInclude Include="src\Forge\ImGui\ImGuiLayer.h">
      <Filter>Forge\ImGui</Filter>
    </ClInclude>
    <ClInclude Include="src\Forge\Layer.h">
      <Filter>Forge</Filter>
    </ClInclude>
    <ClInclude Include="src\Forge\LayerStack.h">
      <Filter>Forge</Filter>
    </ClInclude>
    <ClInclude Include="src\Forge\Log.h">
      <Filter>Forge</Filter>
    </ClInclude>
    <ClInclude Include="src\Platform\Windows\WindowWin.h">
      <Filter>Platform\Windows</Filter>
    </ClInclude>
    <ClInclude Include="src\Window.h" />
    <ClInclude Include="src\forgepch.h" />
  </ItemGroup>
  <ItemGroup>
    <ClCompile Include="src\Forge\Application.cpp">
      <Filter>Forge</Filter>
    </ClCompile>
    <ClCompile Include="src\Forge\ImGui\ImGuiLayer.cpp">
      <Filter>Forge\ImGui</Filter>
    </ClCompile>
    <ClCompile Include="src\Forge\Layer.cpp">
      <Filter>Forge</Filter>
    </ClCompile>
    <ClCompile Include="src\Forge\LayerStack.cpp">
      <Filter>Forge</Filter>
    </ClCompile>
    <ClCompile Include="src\Forge\Log.cpp">
      <Filter>Forge</Filter>
    </ClCompile>
    <ClCompile Include="src\Platform\Windows\WindowWin.cpp">
      <Filter>Platform\Windows</Filter>
    </ClCompile>
    <ClCompile Include="src\Window.cpp" />
    <ClCompile Include="src\forgepch.cpp" />
  </ItemGroup>
</Project>