<?xml version="1.0" encoding="utf-8"?>
<Project ToolsVersion="4.0" xmlns="http://schemas.microsoft.com/developer/msbuild/2003">
  <ItemGroup>
    <Filter Include="Forge">
      <UniqueIdentifier>{1884300D-8498-58BE-4D1A-FC1DB9ED54EF}</UniqueIdentifier>
    </Filter>
    <Filter Include="Forge\Events">
      <UniqueIdentifier>{FCA4953A-E807-25DF-918D-5D957DCFF061}</UniqueIdentifier>
    </Filter>
  </ItemGroup>
  <ItemGroup>
    <ClInclude Include="src\Forge.h" />
    <ClInclude Include="src\Forge\Application.h">
      <Filter>Forge</Filter>
    </ClInclude>
    <ClInclude Include="src\Forge\Core.h">
      <Filter>Forge</Filter>
    </ClInclude>
    <ClInclude Include="src\Forge\EntryPoint.h">
      <Filter>Forge</Filter>
    </ClInclude>
    <ClInclude Include="src\Forge\Events\ApplicationEvent.h">
      <Filter>Forge\Events</Filter>
    </ClInclude>
    <ClInclude Include="src\Forge\Events\Event.h">
      <Filter>Forge\Events</Filter>
    </ClInclude>
    <ClInclude Include="src\Forge\Events\KeyEvent.h">
      <Filter>Forge\Events</Filter>
    </ClInclude>
    <ClInclude Include="src\Forge\Events\MouseEvent.h">
      <Filter>Forge\Events</Filter>
    </ClInclude>
    <ClInclude Include="src\Forge\Log.h">
      <Filter>Forge</Filter>
    </ClInclude>
    <ClInclude Include="src\forgepch.h" />
  </ItemGroup>
  <ItemGroup>
    <ClCompile Include="src\Forge\Application.cpp">
      <Filter>Forge</Filter>
    </ClCompile>
    <ClCompile Include="src\Forge\Log.cpp">
      <Filter>Forge</Filter>
    </ClCompile>
    <ClCompile Include="src\forgepch.cpp" />
  </ItemGroup>
</Project>